
Microsoft Visual Studio Solution File, Format Version 12.00
# Visual Studio Version 17
VisualStudioVersion = 17.1.32210.238
MinimumVisualStudioVersion = 10.0.40219.1
Project("{9A19103F-16F7-4668-BE54-9A1E7A4F7556}") = "Modul3_1302200097", "Modul3_1302200097.csproj", "{BB2D0748-A858-4BBC-9671-39E4E7788998}"
EndProject
Project("{2150E333-8FDC-42A3-9474-1A3956D46DE8}") = "Solution Items", "Solution Items", "{37752D46-39BC-4FD8-9CEE-49A2A1B712E0}"
EndProject
Global
	GlobalSection(SolutionConfigurationPlatforms) = preSolution
		Debug|Any CPU = Debug|Any CPU
		Release|Any CPU = Release|Any CPU
	EndGlobalSection
	GlobalSection(ProjectConfigurationPlatforms) = postSolution
		{BB2D0748-A858-4BBC-9671-39E4E7788998}.Debug|Any CPU.ActiveCfg = Debug|Any CPU
		{BB2D0748-A858-4BBC-9671-39E4E7788998}.Debug|Any CPU.Build.0 = Debug|Any CPU
		{BB2D0748-A858-4BBC-9671-39E4E7788998}.Release|Any CPU.ActiveCfg = Release|Any CPU
		{BB2D0748-A858-4BBC-9671-39E4E7788998}.Release|Any CPU.Build.0 = Release|Any CPU
	EndGlobalSection
	GlobalSection(SolutionProperties) = preSolution
		HideSolutionNode = FALSE
	EndGlobalSection
	GlobalSection(ExtensibilityGlobals) = postSolution
		SolutionGuid = {1E92D822-4225-42DA-8AA5-47901313CA25}
	EndGlobalSection
EndGlobal
